{
  "version": "3",
  "packages": {
    "specifiers": {
      "jsr:@lucsoft/web-bson@^0.3.1": "jsr:@lucsoft/web-bson@0.3.1",
      "jsr:@std/crypto@^0.220.1": "jsr:@std/crypto@0.220.1",
      "jsr:@std/encoding@^0.220.1": "jsr:@std/encoding@0.220.1",
      "npm:mongodb": "npm:mongodb@6.5.0"
    },
    "jsr": {
      "@lucsoft/web-bson@0.3.1": {
        "integrity": "dccad36fe5cc68286a4d3fe1993f7e7a81df0970c5946a5894dae9173adafe60"
      },
      "@std/crypto@0.220.1": {
        "integrity": "4cec173974f33398041a3f66cc2f9b2fcc4a5ceaddd0e60840887d3bb7289d23"
      },
      "@std/encoding@0.220.1": {
        "integrity": "8dc38dd72e36cd68857a5837e24eb09a64bb296b96c295239c75eec17d45d23f"
      }
    },
    "npm": {
      "@mongodb-js/saslprep@1.1.5": {
        "integrity": "sha512-XLNOMH66KhJzUJNwT/qlMnS4WsNDWD5ASdyaSH3EtK+F4r/CFGa3jT4GNi4mfOitGvWXtdLgQJkQjxSVrio+jA==",
        "dependencies": {
          "sparse-bitfield": "sparse-bitfield@3.0.3"
        }
      },
      "@types/webidl-conversions@7.0.3": {
        "integrity": "sha512-CiJJvcRtIgzadHCYXw7dqEnMNRjhGZlYK05Mj9OyktqV8uVT8fD2BFOB7S1uwBE3Kj2Z+4UyPmFw/Ixgw/LAlA==",
        "dependencies": {}
      },
      "@types/whatwg-url@11.0.4": {
        "integrity": "sha512-lXCmTWSHJvf0TRSO58nm978b8HJ/EdsSsEKLd3ODHFjo+3VGAyyTp4v50nWvwtzBxSMQrVOK7tcuN0zGPLICMw==",
        "dependencies": {
          "@types/webidl-conversions": "@types/webidl-conversions@7.0.3"
        }
      },
      "bson@6.6.0": {
        "integrity": "sha512-BVINv2SgcMjL4oYbBuCQTpE3/VKOSxrOA8Cj/wQP7izSzlBGVomdm+TcUd0Pzy0ytLSSDweCKQ6X3f5veM5LQA==",
        "dependencies": {}
      },
      "memory-pager@1.5.0": {
        "integrity": "sha512-ZS4Bp4r/Zoeq6+NLJpP+0Zzm0pR8whtGPf1XExKLJBAczGMnSi3It14OiNCStjQjM6NU1okjQGSxgEZN8eBYKg==",
        "dependencies": {}
      },
      "mongodb-connection-string-url@3.0.0": {
        "integrity": "sha512-t1Vf+m1I5hC2M5RJx/7AtxgABy1cZmIPQRMXw+gEIPn/cZNF3Oiy+l0UIypUwVB5trcWHq3crg2g3uAR9aAwsQ==",
        "dependencies": {
          "@types/whatwg-url": "@types/whatwg-url@11.0.4",
          "whatwg-url": "whatwg-url@13.0.0"
        }
      },
      "mongodb@6.5.0": {
        "integrity": "sha512-Fozq68InT+JKABGLqctgtb8P56pRrJFkbhW0ux+x1mdHeyinor8oNzJqwLjV/t5X5nJGfTlluxfyMnOXNggIUA==",
        "dependencies": {
          "@mongodb-js/saslprep": "@mongodb-js/saslprep@1.1.5",
          "bson": "bson@6.6.0",
          "mongodb-connection-string-url": "mongodb-connection-string-url@3.0.0"
        }
      },
      "punycode@2.3.1": {
        "integrity": "sha512-vYt7UD1U9Wg6138shLtLOvdAu+8DsC/ilFtEVHcH+wydcSpNE20AfSOduf6MkRFahL5FY7X1oU7nKVZFtfq8Fg==",
        "dependencies": {}
      },
      "sparse-bitfield@3.0.3": {
        "integrity": "sha512-kvzhi7vqKTfkh0PZU+2D2PIllw2ymqJKujUcyPMd9Y75Nv4nPbGJZXNhxsgdQab2BmlDct1YnfQCguEvHr7VsQ==",
        "dependencies": {
          "memory-pager": "memory-pager@1.5.0"
        }
      },
      "tr46@4.1.1": {
        "integrity": "sha512-2lv/66T7e5yNyhAAC4NaKe5nVavzuGJQVVtRYLyQ2OI8tsJ61PMLlelehb0wi2Hx6+hT/OJUWZcw8MjlSRnxvw==",
        "dependencies": {
          "punycode": "punycode@2.3.1"
        }
      },
      "webidl-conversions@7.0.0": {
        "integrity": "sha512-VwddBukDzu71offAQR975unBIGqfKZpM+8ZX6ySk8nYhVoo5CYaZyzt3YBvYtRtO+aoGlqxPg/B87NGVZ/fu6g==",
        "dependencies": {}
      },
      "whatwg-url@13.0.0": {
        "integrity": "sha512-9WWbymnqj57+XEuqADHrCJ2eSXzn8WXIW/YSGaZtb2WKAInQ6CHfaUUcTyyver0p8BDg5StLQq8h1vtZuwmOig==",
        "dependencies": {
          "tr46": "tr46@4.1.1",
          "webidl-conversions": "webidl-conversions@7.0.0"
        }
      }
    }
  },
  "redirects": {
    "https://deno.land/x/bson/mod.ts": "https://deno.land/x/bson@v0.1.3/mod.ts",
    "https://deno.land/x/cors/mod.ts": "https://deno.land/x/cors@v1.2.2/mod.ts",
    "https://deno.land/x/dotenv/mod.ts": "https://deno.land/x/dotenv@v3.2.0/mod.ts",
    "https://deno.land/x/oak/mod.ts": "https://deno.land/x/oak@v11.1.0/mod.ts",
    "https://deno.land/x/openai/mod.ts": "https://deno.land/x/openai@1.4.2/mod.ts"
  },
  "remote": {
    "https://cdn.skypack.dev/-/bson@v6.6.0-DcHVojdDX1oRsyOuhCMB/dist=es2019,mode=imports/optimized/bson.js": "e4ca543a52293fbaa811759dee34dd0dccf708c8b49b68b742c2dbe05c503ec3",
    "https://cdn.skypack.dev/bson": "0976b71d3711da18d7e86633aa053fc1227c7f5fe34569ebfa43a85fcaf38d52",
    "https://deno.land/std@0.152.0/_util/assert.ts": "e94f2eb37cebd7f199952e242c77654e43333c1ac4c5c700e929ea3aa5489f74",
    "https://deno.land/std@0.152.0/_util/os.ts": "3b4c6e27febd119d36a416d7a97bd3b0251b77c88942c8f16ee5953ea13e2e49",
    "https://deno.land/std@0.152.0/async/deferred.ts": "bc18e28108252c9f67dfca2bbc4587c3cbf3aeb6e155f8c864ca8ecff992b98a",
    "https://deno.land/std@0.152.0/bytes/bytes_list.ts": "aba5e2369e77d426b10af1de0dcc4531acecec27f9b9056f4f7bfbf8ac147ab4",
    "https://deno.land/std@0.152.0/bytes/equals.ts": "3c3558c3ae85526f84510aa2b48ab2ad7bdd899e2e0f5b7a8ffc85acb3a6043a",
    "https://deno.land/std@0.152.0/bytes/mod.ts": "763f97d33051cc3f28af1a688dfe2830841192a9fea0cbaa55f927b49d49d0bf",
    "https://deno.land/std@0.152.0/crypto/timing_safe_equal.ts": "82a29b737bc8932d75d7a20c404136089d5d23629e94ba14efa98a8cc066c73e",
    "https://deno.land/std@0.152.0/encoding/base64.ts": "c57868ca7fa2fbe919f57f88a623ad34e3d970d675bdc1ff3a9d02bba7409db2",
    "https://deno.land/std@0.152.0/fmt/colors.ts": "6f9340b7fb8cc25a993a99e5efc56fe81bb5af284ff412129dd06df06f53c0b4",
    "https://deno.land/std@0.152.0/http/_negotiation/common.ts": "410e902f01cdd324e4746e8017595be4fc357d6fc4cd6044f2f808a943d7eaf7",
    "https://deno.land/std@0.152.0/http/_negotiation/encoding.ts": "f749c1d539d139af783e8a7741de5a47a98a5e3c9af82b8af512567ccf5fe632",
    "https://deno.land/std@0.152.0/http/_negotiation/language.ts": "53c306186904d2dace4c624a8822542866ad332a7f40ac90e0af1504f95c63d0",
    "https://deno.land/std@0.152.0/http/_negotiation/media_type.ts": "ecdda87286495f7ff25116858f5088856953e2f1585e593d314e0c71b826a137",
    "https://deno.land/std@0.152.0/http/http_errors.ts": "fe9b7f95f7ee0592c3306f8c7aed03ba53d55d1ef81e00041c1171b9588f46d9",
    "https://deno.land/std@0.152.0/http/http_status.ts": "897575a7d6bc2b9123f6a38ecbc0f03d95a532c5d92029315dc9f508e12526b8",
    "https://deno.land/std@0.152.0/http/negotiation.ts": "f35b1ff2ad4ff9feaa00ac234960b398172768205c8eceaef7f2eafe34716ba2",
    "https://deno.land/std@0.152.0/io/buffer.ts": "bd0c4bf53db4b4be916ca5963e454bddfd3fcd45039041ea161dbf826817822b",
    "https://deno.land/std@0.152.0/io/readers.ts": "45847ad404afd2f605eae1cff193f223462bc55eeb9ae313c2f3db28aada0fd6",
    "https://deno.land/std@0.152.0/media_types/_util.ts": "ce9b4fc4ba1c447dafab619055e20fd88236ca6bdd7834a21f98bd193c3fbfa1",
    "https://deno.land/std@0.152.0/media_types/mod.ts": "3829264ca0610cac40f3214f939d7733483523f82bc1041c51045d7c75fb93b8",
    "https://deno.land/std@0.152.0/media_types/vendor/mime-db.v1.52.0.ts": "724cee25fa40f1a52d3937d6b4fbbfdd7791ff55e1b7ac08d9319d5632c7f5af",
    "https://deno.land/std@0.152.0/path/_constants.ts": "df1db3ffa6dd6d1252cc9617e5d72165cd2483df90e93833e13580687b6083c3",
    "https://deno.land/std@0.152.0/path/_interface.ts": "ee3b431a336b80cf445441109d089b70d87d5e248f4f90ff906820889ecf8d09",
    "https://deno.land/std@0.152.0/path/_util.ts": "c1e9686d0164e29f7d880b2158971d805b6e0efc3110d0b3e24e4b8af2190d2b",
    "https://deno.land/std@0.152.0/path/common.ts": "bee563630abd2d97f99d83c96c2fa0cca7cee103e8cb4e7699ec4d5db7bd2633",
    "https://deno.land/std@0.152.0/path/glob.ts": "cb5255638de1048973c3e69e420c77dc04f75755524cb3b2e160fe9277d939ee",
    "https://deno.land/std@0.152.0/path/mod.ts": "56fec03ad0ebd61b6ab39ddb9b0ddb4c4a5c9f2f4f632e09dd37ec9ebfd722ac",
    "https://deno.land/std@0.152.0/path/posix.ts": "c1f7afe274290ea0b51da07ee205653b2964bd74909a82deb07b69a6cc383aaa",
    "https://deno.land/std@0.152.0/path/separator.ts": "fe1816cb765a8068afb3e8f13ad272351c85cbc739af56dacfc7d93d710fe0f9",
    "https://deno.land/std@0.152.0/path/win32.ts": "bd7549042e37879c68ff2f8576a25950abbfca1d696d41d82c7bca0b7e6f452c",
    "https://deno.land/std@0.152.0/streams/conversion.ts": "fc3db02026183da795fa32ac7549868e9f19c75ba029d4b4c3739af62b48517a",
    "https://deno.land/std@0.152.0/testing/_diff.ts": "029a00560b0d534bc0046f1bce4bd36b3b41ada3f2a3178c85686eb2ff5f1413",
    "https://deno.land/std@0.152.0/testing/_format.ts": "0d8dc79eab15b67cdc532826213bbe05bccfd276ca473a50a3fc7bbfb7260642",
    "https://deno.land/std@0.152.0/testing/asserts.ts": "093735c88f52bbead7f60a1f7a97a2ce4df3c2d5fab00a46956f20b4a5793ccd",
    "https://deno.land/std@0.189.0/_util/asserts.ts": "178dfc49a464aee693a7e285567b3d0b555dc805ff490505a8aae34f9cfb1462",
    "https://deno.land/std@0.189.0/_util/os.ts": "d932f56d41e4f6a6093d56044e29ce637f8dcc43c5a90af43504a889cf1775e3",
    "https://deno.land/std@0.189.0/async/deferred.ts": "42790112f36a75a57db4a96d33974a936deb7b04d25c6084a9fa8a49f135def8",
    "https://deno.land/std@0.189.0/bytes/bytes_list.ts": "31d664f4d42fa922066405d0e421c56da89d751886ee77bbe25a88bf0310c9d0",
    "https://deno.land/std@0.189.0/bytes/copy.ts": "939d89e302a9761dcf1d9c937c7711174ed74c59eef40a1e4569a05c9de88219",
    "https://deno.land/std@0.189.0/io/buffer.ts": "17f4410eaaa60a8a85733e8891349a619eadfbbe42e2f319283ce2b8f29723ab",
    "https://deno.land/std@0.189.0/path/_constants.ts": "e49961f6f4f48039c0dfed3c3f93e963ca3d92791c9d478ac5b43183413136e0",
    "https://deno.land/std@0.189.0/path/_interface.ts": "6471159dfbbc357e03882c2266d21ef9afdb1e4aa771b0545e90db58a0ba314b",
    "https://deno.land/std@0.189.0/path/_util.ts": "d7abb1e0dea065f427b89156e28cdeb32b045870acdf865833ba808a73b576d0",
    "https://deno.land/std@0.189.0/path/common.ts": "ee7505ab01fd22de3963b64e46cff31f40de34f9f8de1fff6a1bd2fe79380000",
    "https://deno.land/std@0.189.0/path/glob.ts": "d479e0a695621c94d3fd7fe7abd4f9499caf32a8de13f25073451c6ef420a4e1",
    "https://deno.land/std@0.189.0/path/mod.ts": "ee161baec5ded6510ee1d1fb6a75a0f5e4b41f3f3301c92c716ecbdf7dae910d",
    "https://deno.land/std@0.189.0/path/posix.ts": "8b7c67ac338714b30c816079303d0285dd24af6b284f7ad63da5b27372a2c94d",
    "https://deno.land/std@0.189.0/path/separator.ts": "0fb679739d0d1d7bf45b68dacfb4ec7563597a902edbaf3c59b50d5bcadd93b1",
    "https://deno.land/std@0.189.0/path/win32.ts": "d186344e5583bcbf8b18af416d13d82b35a317116e6460a5a3953508c3de5bba",
    "https://deno.land/std@0.189.0/streams/_common.ts": "f45cba84f0d813de3326466095539602364a9ba521f804cc758f7a475cda692d",
    "https://deno.land/std@0.189.0/streams/buffer.ts": "d5b3d7d0299114e5b2ea895a8bf202a687fd915c5282f8096c7bae23b5a04407",
    "https://deno.land/std@0.189.0/streams/byte_slice_stream.ts": "225d57263a34325d7c96cb3dafeb478eec0e6fd05cd0458d678752eadd132bb4",
    "https://deno.land/std@0.189.0/streams/copy.ts": "75cbc795ff89291df22ddca5252de88b2e16d40c85d02840593386a8a1454f71",
    "https://deno.land/std@0.189.0/streams/delimiter_stream.ts": "f69e849b3d1f59f02424497273f411105a6f76a9f13da92aeeb9a2d554236814",
    "https://deno.land/std@0.189.0/streams/early_zip_readable_streams.ts": "4005fa74162b943f79899e5d7cb96adcbc0a6b867f9144974ed12d30e0a556e1",
    "https://deno.land/std@0.189.0/streams/iterate_reader.ts": "bbec1d45c2df2c0c5920bad0549351446fdc8e0886d99e95959b259dbcdb6072",
    "https://deno.land/std@0.189.0/streams/limited_bytes_transform_stream.ts": "05dc592ffaab83257494d22dd53917e56243c26e5e3129b3f13ddbbbc4785048",
    "https://deno.land/std@0.189.0/streams/limited_transform_stream.ts": "d69ab790232c1b86f53621ad41ef03c235f2abb4b7a1cd51960ad6e12ee55e38",
    "https://deno.land/std@0.189.0/streams/merge_readable_streams.ts": "5d6302888f4bb0616dafb5768771be0aec9bedc05fbae6b3d726d05ffbec5b15",
    "https://deno.land/std@0.189.0/streams/mod.ts": "c07ec010e700b9ea887dc36ca08729828bc7912f711e4054e24d33fd46282252",
    "https://deno.land/std@0.189.0/streams/read_all.ts": "ee319772fb0fd28302f97343cc48dfcf948f154fd0d755d8efe65814b70533be",
    "https://deno.land/std@0.189.0/streams/readable_stream_from_iterable.ts": "cd4bb9e9bf6dbe84c213beb1f5085c326624421671473e410cfaecad15f01865",
    "https://deno.land/std@0.189.0/streams/readable_stream_from_reader.ts": "bfc416c4576a30aac6b9af22c9dc292c20c6742141ee7c55b5e85460beb0c54e",
    "https://deno.land/std@0.189.0/streams/reader_from_iterable.ts": "55f68110dce3f8f2c87b834d95f153bc904257fc65175f9f2abe78455cb8047c",
    "https://deno.land/std@0.189.0/streams/reader_from_stream_reader.ts": "fa4971e5615a010e49492c5d1688ca1a4d17472a41e98b498ab89a64ebd7ac73",
    "https://deno.land/std@0.189.0/streams/text_delimiter_stream.ts": "20e680ab8b751390e359288ce764f9c47d164af11a263870746eeca4bc7d976b",
    "https://deno.land/std@0.189.0/streams/text_line_stream.ts": "0f2c4b33a5fdb2476f2e060974cba1347cefe99a4af33c28a57524b1a34750fa",
    "https://deno.land/std@0.189.0/streams/to_transform_stream.ts": "7f55fc0b14cf3ed0f8d10d8f41d05bdc40726e44a65c37f58705d10a615f0159",
    "https://deno.land/std@0.189.0/streams/writable_stream_from_writer.ts": "56fff5c82fb736fdd669b567cc0b2bbbe0351002cd13254eae26c366e2bed89a",
    "https://deno.land/std@0.189.0/streams/write_all.ts": "aec90152978581ea62d56bb53a5cbf487e6a89c902f87c5969681ffbdf32b998",
    "https://deno.land/std@0.189.0/streams/writer_from_stream_writer.ts": "07c7ee025151a190f37fc42cbb01ff93afc949119ebddc6e0d0df14df1bf6950",
    "https://deno.land/std@0.189.0/streams/zip_readable_streams.ts": "a9d81aa451240f79230add674809dbee038d93aabe286e2d9671e66591fc86ca",
    "https://deno.land/std@0.69.0/_util/assert.ts": "e1f76e77c5ccb5a8e0dbbbe6cce3a56d2556c8cb5a9a8802fc9565af72462149",
    "https://deno.land/std@0.69.0/bytes/mod.ts": "b1a149ac741728db00bda9ce1a2d044f248edd5ac95e708a6cc501bfd3adb4a7",
    "https://deno.land/std@0.69.0/encoding/base64.ts": "79c67b8a9d911eff89cafd84749587a2851a7bb3bed4e952f6cf4c2ff97ae120",
    "https://deno.land/std@0.69.0/encoding/hex.ts": "8dc1489e66b22fec26950c7a55391b12be0d9f9a80cbc7b422700cdff85cd2f7",
    "https://deno.land/std@0.69.0/fmt/colors.ts": "ce9375edade12ca09c257743f223fc469d72578d0c74a55cbf1a34f6198ce3df",
    "https://deno.land/std@0.69.0/fs/exists.ts": "5429dce6587bfcdde06a7a2a1fd5ad932c17d74ca082e67934fa646cff1d2e57",
    "https://deno.land/std@0.69.0/hash/_wasm/hash.ts": "005f64c4d9343ecbc91e0da9ae5e800f146c20930ad829bbb872c5c06bd89c5f",
    "https://deno.land/std@0.69.0/hash/_wasm/wasm.js": "10c91f7551443bd49b8ced10df7d5c2ce9a447d224eccc6d51f77730e074cdfe",
    "https://deno.land/std@0.69.0/hash/mod.ts": "e764a6a9ab2f5519a97f928e17cc13d984e3dd5c7f742ff9c1c8fb3114790f0c",
    "https://deno.land/std@0.69.0/io/bufio.ts": "e76c5b7bf978a638aae6f62b87efde3ab7203b85902ce9b84ac8388c8c2bb104",
    "https://deno.land/std@0.69.0/log/handlers.ts": "2c4fb9dca841efb551aac78dcb64db410ca4c4e7878aff2b49806d4a95621447",
    "https://deno.land/std@0.69.0/log/levels.ts": "d274b41f2dc909c6eef4e71c8a50ccbc81ea4e1df28cb268f02942966a205593",
    "https://deno.land/std@0.69.0/log/logger.ts": "53690b789cc64bec3f65b61ec29a59a5f570a1db6263f9ca518993c4137ff243",
    "https://deno.land/std@0.69.0/log/mod.ts": "8a7ddeb691b24ecac9f13ba340ba2776740fcd79ed4674408e48087b6af6ffec",
    "https://deno.land/std@0.69.0/path/_constants.ts": "aba480c4a2c098b6374fdd5951fea13ecc8aaaf8b8aa4dae1871baa50243d676",
    "https://deno.land/std@0.69.0/path/_interface.ts": "5876f91d35fd42624893a4aaddaee352144e1f46e719f1dde6511bab7c3c1029",
    "https://deno.land/std@0.69.0/path/_util.ts": "f0fa012d40ae9b6acbef03908e534eb11e694de6470fb4d78ea4f38829e735ab",
    "https://deno.land/std@0.69.0/path/common.ts": "e4ec66a7416d56f60331b66e27a8a4f08c7b1cf48e350271cb69754a01cf5c04",
    "https://deno.land/std@0.69.0/path/glob.ts": "43cc45e8649a35a199c4106dfdf66206f46dfd8e2e626a746512c1a1376fde99",
    "https://deno.land/std@0.69.0/path/mod.ts": "6de8885c2534757097818e302becd1cefcbc4c28ac022cc279e612ee04e8cfd1",
    "https://deno.land/std@0.69.0/path/posix.ts": "40c387415fca91b3482214cf74880c415cda90b337bebd2c9d4b62d2097bc146",
    "https://deno.land/std@0.69.0/path/separator.ts": "9dd15d46ff84a16e13554f56af7fee1f85f8d0f379efbbe60ac066a60561f036",
    "https://deno.land/std@0.69.0/path/win32.ts": "9e200471f24fb560d22e74b238133cb75ebb57bead933de1cc5aefed4cda3346",
    "https://deno.land/x/bson@v0.1.3/bson.ts": "b61d4b1b8bf8d170a37e3c69a313affd9bbc5f7e9d527581423361dd5b9a3c05",
    "https://deno.land/x/bson@v0.1.3/deps.ts": "9769c8cd976da21a4bdb87b2467d862c3272c671f975fc828b00a1566475e258",
    "https://deno.land/x/bson@v0.1.3/mod.ts": "8cc8b3cee4ff8c3eae80572f487d327e83ffd315dcdc64b9cea6c029483dc051",
    "https://deno.land/x/cors@v1.2.2/abcCors.ts": "cdf83a7eaa69a1bf3ab910d18b9422217902fac47601adcaf0afac5a61845d48",
    "https://deno.land/x/cors@v1.2.2/attainCors.ts": "7d6aba0f942495cc31119604e0895c9bb8edd8f8baa7fe78e6c655bd0b4cbf59",
    "https://deno.land/x/cors@v1.2.2/cors.ts": "0e2d9167e3685f9bcf48f565e312b6e1883fa458f7337e5ce7bc2e3b29767980",
    "https://deno.land/x/cors@v1.2.2/mithCors.ts": "3a359d6e716e0410ede278ab54d875b293a2d66d838aaa7cfbf9ddc1e9e990d3",
    "https://deno.land/x/cors@v1.2.2/mod.ts": "2b351913f56d77ad80cb3b8633d4539c9eeddb426dae79437ada0e6a9cb4f1a6",
    "https://deno.land/x/cors@v1.2.2/oakCors.ts": "1348dc7673c61b85d2e80559a7b44f8e0246eaa6bcc6ec744fafe5d9b13b5c71",
    "https://deno.land/x/cors@v1.2.2/opineCors.ts": "fb5790115c26b7061d84b8d6c17d258a1e241bcab75b0bc3ca1fdb2e57bc5072",
    "https://deno.land/x/cors@v1.2.2/types.ts": "97546633ccc7f0df7a29bacba5d91dc6f61decdd1b65258300244dba905d34b8",
    "https://deno.land/x/dotenv@v3.2.0/mod.ts": "077b48773de9205266a0b44c3c3a3c3083449ed64bb0b6cc461b95720678d38e",
    "https://deno.land/x/dotenv@v3.2.0/util.ts": "693730877b13f8ead2b79b2aa31e2a0652862f7dc0c5f6d2f313f4d39c7b7670",
    "https://deno.land/x/mongo@v0.3.0/mod.ts": "b1a004cb148655de72228699c2fc2c0c100f1ad7464c5102fbb126fa1f231e09",
    "https://deno.land/x/mongo@v0.3.0/ts/client.ts": "44e2dcc8e0b0f29fc1cdb78f7ef7745d0677afb239611795de70bd8fbeed6289",
    "https://deno.land/x/mongo@v0.3.0/ts/collection.ts": "934f55236f8c0e089933a9b28a6ea501b29d32a5e6c102d3b0c3ff31c0e2a0d8",
    "https://deno.land/x/mongo@v0.3.0/ts/database.ts": "4c2a9569cd68adbb38d78dd40bec0ea3e67caf5083721438c54e67b67c163745",
    "https://deno.land/x/mongo@v0.3.0/ts/result.ts": "11ba6400f8e60b9981a7c2176311caedeae8c6197cc3e3a14575d220821e6795",
    "https://deno.land/x/mongo@v0.3.0/ts/types.ts": "7f151812aacb195d6350b60da762252dc31b63a02c91f7f6f1b6e5d609aa02ff",
    "https://deno.land/x/mongo@v0.3.0/ts/util.ts": "f7a3e52f93ec2797fc7aa96f120a2e21686c6f1ffa254d695354718bcc8110f2",
    "https://deno.land/x/mongo@v0.33.0/deps.ts": "0260e372714ea433bbe675a5f3d467edceced6e12f406d156ba42724695b0a74",
    "https://deno.land/x/mongo@v0.33.0/mod.ts": "114eedb25b02ba42b53aaf5eb747c5bdb06a852882330624bdc52fde4b7df083",
    "https://deno.land/x/mongo@v0.33.0/src/auth/base.ts": "cfdbbd70f5efddbb4a5156b1b25737cd5cfba86581c29ebafb02085af6fa0239",
    "https://deno.land/x/mongo@v0.33.0/src/auth/mod.ts": "b161611bd5be9e9d1b4497227c8ea93ad4daadcd98038c9e5a707bc5da7a25ca",
    "https://deno.land/x/mongo@v0.33.0/src/auth/pbkdf2.ts": "1f1db192fd37869d118ab34780b64567ebcf0ad83a03ef28b3d740cae9adb47a",
    "https://deno.land/x/mongo@v0.33.0/src/auth/scram.ts": "d0be490de12c34f17c115dd540d1bd0e1c88b571b4ffe9e27ae93afa4401f7c6",
    "https://deno.land/x/mongo@v0.33.0/src/auth/x509.ts": "b638043fea07f60ca24fbd78fe450e11ea633a721b591de28b8ba45bf1f2c2d3",
    "https://deno.land/x/mongo@v0.33.0/src/client.ts": "1bc49b2c7922a638482f06f1a9723e0d2fe62d8a1c735796ede0049645a7ee74",
    "https://deno.land/x/mongo@v0.33.0/src/cluster.ts": "6fca620f12a0f8f6e11f15d5271cebd3ec22a85bcbf2eb5360d0aea414ac4722",
    "https://deno.land/x/mongo@v0.33.0/src/collection/collection.ts": "44307db6f83f4aa8c88131c788e049d0a28aff8c1314f8793be4da2803b52ff4",
    "https://deno.land/x/mongo@v0.33.0/src/collection/commands/aggregate.ts": "9ed10eacbdcd61c020d91b831d4bffa75afd3c4c272fa69e1aaf77bc339d526f",
    "https://deno.land/x/mongo@v0.33.0/src/collection/commands/find.ts": "5c68ccf73f272e85dd158921f57d2e0da643d5696073813dd539d31fad313f02",
    "https://deno.land/x/mongo@v0.33.0/src/collection/commands/list_indexes.ts": "d32a5120305d0547497026b4f5ab2ecc2f40ff7f44c405b99c2a0287765333f5",
    "https://deno.land/x/mongo@v0.33.0/src/collection/commands/update.ts": "57c2be843fdef7e3a9c67b07ab745735c82fd01614d02d37c9a594f0bab7cea2",
    "https://deno.land/x/mongo@v0.33.0/src/collection/mod.ts": "bd791a0b9b46be4365f88c54893584eadec2f8cd799db9eb05e0b5b4c8d72b8e",
    "https://deno.land/x/mongo@v0.33.0/src/database.ts": "b5287e9cffebd9ab284a71086d7ad30a59fe0039f31169c51307ae6564f06ca6",
    "https://deno.land/x/mongo@v0.33.0/src/error.ts": "8180a822b0831a94a6a28815865b5b40e3996220684bea60fcb81b272ddd06eb",
    "https://deno.land/x/mongo@v0.33.0/src/gridfs/bucket.ts": "92030ee5e995fc4cc397b81ecf92ed2cd69565eac787b450f3baa46a21e38a9b",
    "https://deno.land/x/mongo@v0.33.0/src/gridfs/indexes.ts": "59bdab481fba202e4115f43e4fd6540c9d1a1fd51af398dc9e8ff58a80affa33",
    "https://deno.land/x/mongo@v0.33.0/src/gridfs/upload.ts": "6a54a21b00c6f22ad0da6ceef7a2932dc600560f594c2551abd8e4a64976abae",
    "https://deno.land/x/mongo@v0.33.0/src/protocol/cursor.ts": "386b37a8eb8eb04746703b57e76af62e30fe1483a2dd1fb1f5bbd8d2d7a7ca45",
    "https://deno.land/x/mongo@v0.33.0/src/protocol/handshake.ts": "f2dd1c9618b4fd1212877823782866d270a93e9836970f628c988d49f626749d",
    "https://deno.land/x/mongo@v0.33.0/src/protocol/header.ts": "0f28db842f886e57b7013606c1391affab2e2960a1a4568d2502e7b788117716",
    "https://deno.land/x/mongo@v0.33.0/src/protocol/message.ts": "05b71f41f7228b7e059e6070ccf731e0ead90e7348b897710fb4bde1a7b7ad7c",
    "https://deno.land/x/mongo@v0.33.0/src/protocol/mod.ts": "c5f626711e5c1347d98400a18d252306390f76f81335acb4f871a2b45d8d89bb",
    "https://deno.land/x/mongo@v0.33.0/src/protocol/protocol.ts": "cac0a149e951ff5261b6352aa7907a33677a3ff11d424be2954c8de9d270cbab",
    "https://deno.land/x/mongo@v0.33.0/src/types.ts": "675c95674117468f2805736a58a4c107ccef983862871500c5feeb271e13400c",
    "https://deno.land/x/mongo@v0.33.0/src/types/geojson.ts": "14690e2fa1591939253ddc9de181b0664051e9462db131b72be5fb9d064dff44",
    "https://deno.land/x/mongo@v0.33.0/src/types/geospatial.ts": "3871035b43249ede15e505fe0edd19b0c46a9784733287740a3004e4740ec262",
    "https://deno.land/x/mongo@v0.33.0/src/types/gridfs.ts": "714ff5249b2361589baf97151e573fed1536cb1cf200ce8b24416d160330052b",
    "https://deno.land/x/mongo@v0.33.0/src/types/read_write_concern.ts": "d00f35eb85520e776741888685d08d479766a19e9a0a970b53f4594c9db00496",
    "https://deno.land/x/mongo@v0.33.0/src/utils/ns.ts": "fb0c57b8dc4d31f8993112d267dec3c163d3e8862198d1cd03b2b51bcc3caad9",
    "https://deno.land/x/mongo@v0.33.0/src/utils/saslprep/load_code_points.ts": "88c3bee38b2f3e22a2900332ca69f443759b4772bfa65463d8871c9e895f1299",
    "https://deno.land/x/mongo@v0.33.0/src/utils/saslprep/memory_pager.ts": "f55a79a13ec569c21630c3915a9af0c6fc0aa2b899121fa2a85a813c6dd4afba",
    "https://deno.land/x/mongo@v0.33.0/src/utils/saslprep/mod.ts": "de970d59c70a04c19e14a704f0028bf2ff57840d7a615b8cef86cccb014ccf89",
    "https://deno.land/x/mongo@v0.33.0/src/utils/saslprep/sparse_bitfield.ts": "07d6fe2ecd4ba5f711c44c1ae409bb9c1fe3a3cfc09e27434d231d4aae46dd2d",
    "https://deno.land/x/mongo@v0.33.0/src/utils/srv.ts": "e47f866987bd83717d48b99a3a8832d67f97a058e85111f9c96a03d026027b57",
    "https://deno.land/x/mongo@v0.33.0/src/utils/uri.ts": "dcfab8e1dcfcc875c75ada1d9f366664480c03b65594990d6342ed88925452e5",
    "https://deno.land/x/oak@v11.1.0/application.ts": "0a728331822b8e27727ceec48a8499657c3163fc48fd379a8a9578a75f3cdb62",
    "https://deno.land/x/oak@v11.1.0/body.ts": "78402a4936accb80372c4944384658105604352d6783de7ff1e36b8832dd93c9",
    "https://deno.land/x/oak@v11.1.0/buf_reader.ts": "7cf96aa0ac670b75098113cf88a291a68332cc45efa8a9698f064ac5b8098a0f",
    "https://deno.land/x/oak@v11.1.0/content_disposition.ts": "8b8c3cb2fba7138cd5b7f82fc3b5ea39b33db924a824b28261659db7e164621e",
    "https://deno.land/x/oak@v11.1.0/context.ts": "014d1ce40e62a7901411425541b0d5a08018968a330595bd686f8d00222a35bb",
    "https://deno.land/x/oak@v11.1.0/cookies.ts": "d9f94b99f26c6169c6982ce12323c41a548d001bfc28f464264c22dc3dbf2181",
    "https://deno.land/x/oak@v11.1.0/deps.ts": "b897b0f2bec99cd8b402b279b7f21de955d98cbd72835b6c912be5e11c26148b",
    "https://deno.land/x/oak@v11.1.0/etag.ts": "19918f5e1964e3fe6c9fe524a88ffbf9900ce1dfe4146b187b2a86256bb6b663",
    "https://deno.land/x/oak@v11.1.0/headers.ts": "f50fb05614432bda971021633129aa2e8737e0844e0f01c27a937997b4d8dd4f",
    "https://deno.land/x/oak@v11.1.0/helpers.ts": "42212afa07a560b2958359cc19577417e89d9574d6579551a0af36ff7f00cc6e",
    "https://deno.land/x/oak@v11.1.0/http_request.ts": "0831c828816fcb58a5aa8361c6865c4151f4c8b59fabcef2e2cd235bb28170c5",
    "https://deno.land/x/oak@v11.1.0/http_server_flash.ts": "e312754acad26d3d70f243d657547e697921f67f0a2179dbec41a20a3228fd79",
    "https://deno.land/x/oak@v11.1.0/http_server_native.ts": "549dffcd2db5cbb0e44ad50cf9c54956b42a10450b1ac66e1362e32a073c8c1b",
    "https://deno.land/x/oak@v11.1.0/http_server_native_request.ts": "07910ea2ed51af6c4e69addf9015cdd8d2b5c9ee03fd4993e386834a129a9eb6",
    "https://deno.land/x/oak@v11.1.0/isMediaType.ts": "62d638abcf837ece3a8f07a4b7ca59794135cb0d4b73194c7d5837efd4161005",
    "https://deno.land/x/oak@v11.1.0/keyStack.ts": "fa0d5898fb8ba34de1c9cdcf4b2e8434952dc9931671858d33560368784a22ef",
    "https://deno.land/x/oak@v11.1.0/mediaTyper.ts": "042b853fc8e9c3f6c628dd389e03ef481552bf07242efc3f8a1af042102a6105",
    "https://deno.land/x/oak@v11.1.0/middleware.ts": "de14f045a2ddfe845d89b5d3140ff52cbcc6f3b3965391106ce04480f9786737",
    "https://deno.land/x/oak@v11.1.0/middleware/proxy.ts": "b927232f97ec18af4185d7912e45b1191e3ffe24a9c875262ad524211b1274c9",
    "https://deno.land/x/oak@v11.1.0/mod.ts": "de52855c8f626e30ba683fb265c0a0773ba2f5f117b3549b7d9c857edba58338",
    "https://deno.land/x/oak@v11.1.0/multipart.ts": "98fe9f226de8c26a16d067027b69fb1e34ad8c4055767dd157907d06cea36f9a",
    "https://deno.land/x/oak@v11.1.0/range.ts": "68a6df7ab3b868843e33f52deb94c3d4cab25cb9ef369691990c2ac15b04fafb",
    "https://deno.land/x/oak@v11.1.0/request.ts": "5852ad36389b48e0428a6f3c90854d01f10d1b15949b56001e1e75c2a00ef0f9",
    "https://deno.land/x/oak@v11.1.0/response.ts": "867d81f7eb0c65c7b8e0e0e9e145ededd5b6daa9ad922e6adc6a36a525f439a6",
    "https://deno.land/x/oak@v11.1.0/router.ts": "187522a549f6c179ff01d321882a8bfacbfb7f3e24b004ec4534a3613c7f9b0e",
    "https://deno.land/x/oak@v11.1.0/send.ts": "7ef2591792426d62add91536bb434566d4b224247ca343fdd63e486f9d4e9446",
    "https://deno.land/x/oak@v11.1.0/server_sent_event.ts": "948b0fe4cb3fe38c7db15e476eb3b7671ef20e566d130e9f701d7c0146aa47dd",
    "https://deno.land/x/oak@v11.1.0/structured_clone.ts": "ecf42598652b8082f37252cb873d6e257ad728e6fe73c6bd61f343d94501fbde",
    "https://deno.land/x/oak@v11.1.0/testing.ts": "7612656efd2975f7a2e6848609f5971922dbec46b76372c5c623202fdd7b9a85",
    "https://deno.land/x/oak@v11.1.0/util.ts": "3af8c4ed04c6cc2bedbe66e562a77fc59c72df31c55a902a63885861ca1639d6",
    "https://deno.land/x/openai@1.4.2/mod.ts": "33d22d2e4612a1a2f0ca2f395c806587f4201532d57ee609b34c91b491ee8496",
    "https://deno.land/x/openai@1.4.2/src/openai.ts": "ea680158f5e518600ef83599b01511f77999e69e7451eb14a5b53bc10f56864c",
    "https://deno.land/x/openai@1.4.2/src/types.ts": "ec509498d062eec6056a0a533337fe265f0fdbb1b90ed04a4fff46d70bab9d43",
    "https://deno.land/x/openai@1.4.2/src/util.ts": "41ad8946705d87f03af26a408bd92c3e31bd931b99c575070456f8c5534b31f7",
    "https://deno.land/x/path_to_regexp@v6.2.1/index.ts": "894060567837bae8fc9c5cbd4d0a05e9024672083d5883b525c031eea940e556",
    "https://raw.githubusercontent.com/manyuanrong/deno-plugin-prepare/master/deps.ts": "8d1f49743d451ebd584ca2e49bb6e0491fd89312a62ad79ea939c6edc1409bd0",
    "https://raw.githubusercontent.com/manyuanrong/deno-plugin-prepare/master/mod.ts": "fc7cb446b228311c3a1f093423a22b98cf2ca3b367841e5fc5119ff0c2350d0c"
  }
}
